
Microsoft Visual Studio Solution File, Format Version 12.00
# Visual Studio Version 17
VisualStudioVersion = 17.7.34018.315
MinimumVisualStudioVersion = 10.0.40219.1
Project("{FAE04EC0-301F-11D3-BF4B-00C04F79EFBC}") = "Testgrejer", "Testgrejer\Testgrejer.csproj", "{2AA13C03-FA30-4024-9FDC-B6F5357F640C}"
EndProject
Global
	GlobalSection(SolutionConfigurationPlatforms) = preSolution
		Debug|Any CPU = Debug|Any CPU
		Release|Any CPU = Release|Any CPU
	EndGlobalSection
	GlobalSection(ProjectConfigurationPlatforms) = postSolution
		{2AA13C03-FA30-4024-9FDC-B6F5357F640C}.Debug|Any CPU.ActiveCfg = Debug|Any CPU
		{2AA13C03-FA30-4024-9FDC-B6F5357F640C}.Debug|Any CPU.Build.0 = Debug|Any CPU
		{2AA13C03-FA30-4024-9FDC-B6F5357F640C}.Release|Any CPU.ActiveCfg = Release|Any CPU
		{2AA13C03-FA30-4024-9FDC-B6F5357F640C}.Release|Any CPU.Build.0 = Release|Any CPU
	EndGlobalSection
	GlobalSection(SolutionProperties) = preSolution
		HideSolutionNode = FALSE
	EndGlobalSection
	GlobalSection(ExtensibilityGlobals) = postSolution
		SolutionGuid = {EADBB126-7805-4D65-9E0F-05C3C13B689A}
	EndGlobalSection
EndGlobal
